// !$*UTF8*$!
{
	archiveVersion = 1;
	classes = {
	};
	objectVersion = 46;
	objects = {

/* Begin PBXBuildFile section */
		D8A0483F1DB925B80004E055 /* AppDelegate.swift in Sources */ = {isa = PBXBuildFile; fileRef = D8A0483E1DB925B80004E055 /* AppDelegate.swift */; };
		D8A048441DB925B80004E055 /* Main.storyboard in Resources */ = {isa = PBXBuildFile; fileRef = D8A048421DB925B80004E055 /* Main.storyboard */; };
		D8A048461DB925B80004E055 /* Assets.xcassets in Resources */ = {isa = PBXBuildFile; fileRef = D8A048451DB925B80004E055 /* Assets.xcassets */; };
		D8A048491DB925B80004E055 /* LaunchScreen.storyboard in Resources */ = {isa = PBXBuildFile; fileRef = D8A048471DB925B80004E055 /* LaunchScreen.storyboard */; };
		D8A048511DB9281A0004E055 /* Survey.swift in Sources */ = {isa = PBXBuildFile; fileRef = D8A048501DB9281A0004E055 /* Survey.swift */; };
		D8A048531DB92DF70004E055 /* SurveyController.swift in Sources */ = {isa = PBXBuildFile; fileRef = D8A048521DB92DF70004E055 /* SurveyController.swift */; };
		D8A048551DB932D50004E055 /* NetworkController.swift in Sources */ = {isa = PBXBuildFile; fileRef = D8A048541DB932D50004E055 /* NetworkController.swift */; };
		D8A0485A1DB93B7E0004E055 /* SurveyTableViewController.swift in Sources */ = {isa = PBXBuildFile; fileRef = D8A048591DB93B7E0004E055 /* SurveyTableViewController.swift */; };
/* End PBXBuildFile section */

/* Begin PBXFileReference section */
		D8A0483B1DB925B80004E055 /* Survey.app */ = {isa = PBXFileReference; explicitFileType = wrapper.application; includeInIndex = 0; path = Survey.app; sourceTree = BUILT_PRODUCTS_DIR; };
		D8A0483E1DB925B80004E055 /* AppDelegate.swift */ = {isa = PBXFileReference; lastKnownFileType = sourcecode.swift; path = AppDelegate.swift; sourceTree = "<group>"; };
		D8A048431DB925B80004E055 /* Base */ = {isa = PBXFileReference; lastKnownFileType = file.storyboard; name = Base; path = Base.lproj/Main.storyboard; sourceTree = "<group>"; };
		D8A048451DB925B80004E055 /* Assets.xcassets */ = {isa = PBXFileReference; lastKnownFileType = folder.assetcatalog; path = Assets.xcassets; sourceTree = "<group>"; };
		D8A048481DB925B80004E055 /* Base */ = {isa = PBXFileReference; lastKnownFileType = file.storyboard; name = Base; path = Base.lproj/LaunchScreen.storyboard; sourceTree = "<group>"; };
		D8A0484A1DB925B80004E055 /* Info.plist */ = {isa = PBXFileReference; lastKnownFileType = text.plist.xml; path = Info.plist; sourceTree = "<group>"; };
		D8A048501DB9281A0004E055 /* Survey.swift */ = {isa = PBXFileReference; fileEncoding = 4; lastKnownFileType = sourcecode.swift; path = Survey.swift; sourceTree = "<group>"; };
		D8A048521DB92DF70004E055 /* SurveyController.swift */ = {isa = PBXFileReference; fileEncoding = 4; lastKnownFileType = sourcecode.swift; path = SurveyController.swift; sourceTree = "<group>"; };
		D8A048541DB932D50004E055 /* NetworkController.swift */ = {isa = PBXFileReference; fileEncoding = 4; lastKnownFileType = sourcecode.swift; path = NetworkController.swift; sourceTree = "<group>"; };
		D8A048591DB93B7E0004E055 /* SurveyTableViewController.swift */ = {isa = PBXFileReference; fileEncoding = 4; lastKnownFileType = sourcecode.swift; path = SurveyTableViewController.swift; sourceTree = "<group>"; };
/* End PBXFileReference section */

/* Begin PBXFrameworksBuildPhase section */
		D8A048381DB925B80004E055 /* Frameworks */ = {
			isa = PBXFrameworksBuildPhase;
			buildActionMask = 2147483647;
			files = (
			);
			runOnlyForDeploymentPostprocessing = 0;
		};
/* End PBXFrameworksBuildPhase section */

/* Begin PBXGroup section */
		D8A048321DB925B80004E055 = {
			isa = PBXGroup;
			children = (
				D8A0483D1DB925B80004E055 /* Survey */,
				D8A0483C1DB925B80004E055 /* Products */,
			);
			sourceTree = "<group>";
		};
		D8A0483C1DB925B80004E055 /* Products */ = {
			isa = PBXGroup;
			children = (
				D8A0483B1DB925B80004E055 /* Survey.app */,
			);
			name = Products;
			sourceTree = "<group>";
		};
		D8A0483D1DB925B80004E055 /* Survey */ = {
			isa = PBXGroup;
			children = (
				D8A0483E1DB925B80004E055 /* AppDelegate.swift */,
				D8A0485B1DB93B910004E055 /* View Controllers */,
				D8A048571DB9388F0004E055 /* Model */,
				D8A048561DB9387D0004E055 /* Controllers */,
				D8A048581DB938AC0004E055 /* Recources */,
			);
			path = Survey;
			sourceTree = "<group>";
		};
		D8A048561DB9387D0004E055 /* Controllers */ = {
			isa = PBXGroup;
			children = (
				D8A048521DB92DF70004E055 /* SurveyController.swift */,
				D8A048541DB932D50004E055 /* NetworkController.swift */,
			);
			name = Controllers;
			sourceTree = "<group>";
		};
		D8A048571DB9388F0004E055 /* Model */ = {
			isa = PBXGroup;
			children = (
				D8A048501DB9281A0004E055 /* Survey.swift */,
			);
			name = Model;
			sourceTree = "<group>";
		};
		D8A048581DB938AC0004E055 /* Recources */ = {
			isa = PBXGroup;
			children = (
				D8A048451DB925B80004E055 /* Assets.xcassets */,
				D8A048471DB925B80004E055 /* LaunchScreen.storyboard */,
				D8A0484A1DB925B80004E055 /* Info.plist */,
				D8A048421DB925B80004E055 /* Main.storyboard */,
			);
			name = Recources;
			sourceTree = "<group>";
		};
		D8A0485B1DB93B910004E055 /* View Controllers */ = {
			isa = PBXGroup;
			children = (
				D8A048591DB93B7E0004E055 /* SurveyTableViewController.swift */,
			);
			name = "View Controllers";
			sourceTree = "<group>";
		};
/* End PBXGroup section */

/* Begin PBXNativeTarget section */
		D8A0483A1DB925B80004E055 /* Survey */ = {
			isa = PBXNativeTarget;
			buildConfigurationList = D8A0484D1DB925B80004E055 /* Build configuration list for PBXNativeTarget "Survey" */;
			buildPhases = (
				D8A048371DB925B80004E055 /* Sources */,
				D8A048381DB925B80004E055 /* Frameworks */,
				D8A048391DB925B80004E055 /* Resources */,
			);
			buildRules = (
			);
			dependencies = (
			);
			name = Survey;
			productName = Survey;
			productReference = D8A0483B1DB925B80004E055 /* Survey.app */;
			productType = "com.apple.product-type.application";
		};
/* End PBXNativeTarget section */

/* Begin PBXProject section */
		D8A048331DB925B80004E055 /* Project object */ = {
			isa = PBXProject;
			attributes = {
				LastSwiftUpdateCheck = 0800;
				LastUpgradeCheck = 0800;
				ORGANIZATIONNAME = NathanHopkins;
				TargetAttributes = {
					D8A0483A1DB925B80004E055 = {
						CreatedOnToolsVersion = 8.0;
						DevelopmentTeam = JYG8DCKTNH;
						ProvisioningStyle = Automatic;
					};
				};
			};
			buildConfigurationList = D8A048361DB925B80004E055 /* Build configuration list for PBXProject "Survey" */;
			compatibilityVersion = "Xcode 3.2";
			developmentRegion = English;
			hasScannedForEncodings = 0;
			knownRegions = (
				en,
				Base,
			);
			mainGroup = D8A048321DB925B80004E055;
			productRefGroup = D8A0483C1DB925B80004E055 /* Products */;
			projectDirPath = "";
			projectRoot = "";
			targets = (
				D8A0483A1DB925B80004E055 /* Survey */,
			);
		};
/* End PBXProject section */

/* Begin PBXResourcesBuildPhase section */
		D8A048391DB925B80004E055 /* Resources */ = {
			isa = PBXResourcesBuildPhase;
			buildActionMask = 2147483647;
			files = (
				D8A048491DB925B80004E055 /* LaunchScreen.storyboard in Resources */,
				D8A048461DB925B80004E055 /* Assets.xcassets in Resources */,
				D8A048441DB925B80004E055 /* Main.storyboard in Resources */,
			);
			runOnlyForDeploymentPostprocessing = 0;
		};
/* End PBXResourcesBuildPhase section */

/* Begin PBXSourcesBuildPhase section */
		D8A048371DB925B80004E055 /* Sources */ = {
			isa = PBXSourcesBuildPhase;
			buildActionMask = 2147483647;
			files = (
				D8A0485A1DB93B7E0004E055 /* SurveyTableViewController.swift in Sources */,
				D8A048551DB932D50004E055 /* NetworkController.swift in Sources */,
				D8A048511DB9281A0004E055 /* Survey.swift in Sources */,
				D8A048531DB92DF70004E055 /* SurveyController.swift in Sources */,
				D8A0483F1DB925B80004E055 /* AppDelegate.swift in Sources */,
			);
			runOnlyForDeploymentPostprocessing = 0;
		};
/* End PBXSourcesBuildPhase section */

/* Begin PBXVariantGroup section */
		D8A048421DB925B80004E055 /* Main.storyboard */ = {
			isa = PBXVariantGroup;
			children = (
				D8A048431DB925B80004E055 /* Base */,
			);
			name = Main.storyboard;
			sourceTree = "<group>";
		};
		D8A048471DB925B80004E055 /* LaunchScreen.storyboard */ = {
			isa = PBXVariantGroup;
			children = (
				D8A048481DB925B80004E055 /* Base */,
			);
			name = LaunchScreen.storyboard;
			sourceTree = "<group>";
		};
/* End PBXVariantGroup section */

/* Begin XCBuildConfiguration section */
		D8A0484B1DB925B80004E055 /* Debug */ = {
			isa = XCBuildConfiguration;
			buildSettings = {
				ALWAYS_SEARCH_USER_PATHS = NO;
				CLANG_ANALYZER_NONNULL = YES;
				CLANG_CXX_LANGUAGE_STANDARD = "gnu++0x";
				CLANG_CXX_LIBRARY = "libc++";
				CLANG_ENABLE_MODULES = YES;
				CLANG_ENABLE_OBJC_ARC = YES;
				CLANG_WARN_BOOL_CONVERSION = YES;
				CLANG_WARN_CONSTANT_CONVERSION = YES;
				CLANG_WARN_DIRECT_OBJC_ISA_USAGE = YES_ERROR;
				CLANG_WARN_DOCUMENTATION_COMMENTS = YES;
				CLANG_WARN_EMPTY_BODY = YES;
				CLANG_WARN_ENUM_CONVERSION = YES;
				CLANG_WARN_INFINITE_RECURSION = YES;
				CLANG_WARN_INT_CONVERSION = YES;
				CLANG_WARN_OBJC_ROOT_CLASS = YES_ERROR;
				CLANG_WARN_SUSPICIOUS_MOVES = YES;
				CLANG_WARN_UNREACHABLE_CODE = YES;
				CLANG_WARN__DUPLICATE_METHOD_MATCH = YES;
				"CODE_SIGN_IDENTITY[sdk=iphoneos*]" = "iPhone Developer";
				COPY_PHASE_STRIP = NO;
				DEBUG_INFORMATION_FORMAT = dwarf;
				ENABLE_STRICT_OBJC_MSGSEND = YES;
				ENABLE_TESTABILITY = YES;
				GCC_C_LANGUAGE_STANDARD = gnu99;
				GCC_DYNAMIC_NO_PIC = NO;
				GCC_NO_COMMON_BLOCKS = YES;
				GCC_OPTIMIZATION_LEVEL = 0;
				GCC_PREPROCESSOR_DEFINITIONS = (
					"DEBUG=1",
					"$(inherited)",
				);
				GCC_WARN_64_TO_32_BIT_CONVERSION = YES;
				GCC_WARN_ABOUT_RETURN_TYPE = YES_ERROR;
				GCC_WARN_UNDECLARED_SELECTOR = YES;
				GCC_WARN_UNINITIALIZED_AUTOS = YES_AGGRESSIVE;
				GCC_WARN_UNUSED_FUNCTION = YES;
				GCC_WARN_UNUSED_VARIABLE = YES;
				IPHONEOS_DEPLOYMENT_TARGET = 10.0;
				MTL_ENABLE_DEBUG_INFO = YES;
				ONLY_ACTIVE_ARCH = YES;
				SDKROOT = iphoneos;
				SWIFT_ACTIVE_COMPILATION_CONDITIONS = DEBUG;
				SWIFT_OPTIMIZATION_LEVEL = "-Onone";
				TARGETED_DEVICE_FAMILY = "1,2";
			};
			name = Debug;
		};
		D8A0484C1DB925B80004E055 /* Release */ = {
			isa = XCBuildConfiguration;
			buildSettings = {
				ALWAYS_SEARCH_USER_PATHS = NO;
				CLANG_ANALYZER_NONNULL = YES;
				CLANG_CXX_LANGUAGE_STANDARD = "gnu++0x";
				CLANG_CXX_LIBRARY = "libc++";
				CLANG_ENABLE_MODULES = YES;
				CLANG_ENABLE_OBJC_ARC = YES;
				CLANG_WARN_BOOL_CONVERSION = YES;
				CLANG_WARN_CONSTANT_CONVERSION = YES;
				CLANG_WARN_DIRECT_OBJC_ISA_USAGE = YES_ERROR;
				CLANG_WARN_DOCUMENTATION_COMMENTS = YES;
				CLANG_WARN_EMPTY_BODY = YES;
				CLANG_WARN_ENUM_CONVERSION = YES;
				CLANG_WARN_INFINITE_RECURSION = YES;
				CLANG_WARN_INT_CONVERSION = YES;
				CLANG_WARN_OBJC_ROOT_CLASS = YES_ERROR;
				CLANG_WARN_SUSPICIOUS_MOVES = YES;
				CLANG_WARN_UNREACHABLE_CODE = YES;
				CLANG_WARN__DUPLICATE_METHOD_MATCH = YES;
				"CODE_SIGN_IDENTITY[sdk=iphoneos*]" = "iPhone Developer";
				COPY_PHASE_STRIP = NO;
				DEBUG_INFORMATION_FORMAT = "dwarf-with-dsym";
				ENABLE_NS_ASSERTIONS = NO;
				ENABLE_STRICT_OBJC_MSGSEND = YES;
				GCC_C_LANGUAGE_STANDARD = gnu99;
				GCC_NO_COMMON_BLOCKS = YES;
				GCC_WARN_64_TO_32_BIT_CONVERSION = YES;
				GCC_WARN_ABOUT_RETURN_TYPE = YES_ERROR;
				GCC_WARN_UNDECLARED_SELECTOR = YES;
				GCC_WARN_UNINITIALIZED_AUTOS = YES_AGGRESSIVE;
				GCC_WARN_UNUSED_FUNCTION = YES;
				GCC_WARN_UNUSED_VARIABLE = YES;
				IPHONEOS_DEPLOYMENT_TARGET = 10.0;
				MTL_ENABLE_DEBUG_INFO = NO;
				SDKROOT = iphoneos;
				SWIFT_OPTIMIZATION_LEVEL = "-Owholemodule";
				TARGETED_DEVICE_FAMILY = "1,2";
				VALIDATE_PRODUCT = YES;
			};
			name = Release;
		};
		D8A0484E1DB925B80004E055 /* Debug */ = {
			isa = XCBuildConfiguration;
			buildSettings = {
				ASSETCATALOG_COMPILER_APPICON_NAME = AppIcon;
				DEVELOPMENT_TEAM = JYG8DCKTNH;
				INFOPLIST_FILE = Survey/Info.plist;
				LD_RUNPATH_SEARCH_PATHS = "$(inherited) @executable_path/Frameworks";
				PRODUCT_BUNDLE_IDENTIFIER = com.NathanHopkins.Survey;
				PRODUCT_NAME = "$(TARGET_NAME)";
				SWIFT_VERSION = 3.0;
			};
			name = Debug;
		};
		D8A0484F1DB925B80004E055 /* Release */ = {
			isa = XCBuildConfiguration;
			buildSettings = {
				ASSETCATALOG_COMPILER_APPICON_NAME = AppIcon;
				DEVELOPMENT_TEAM = JYG8DCKTNH;
				INFOPLIST_FILE = Survey/Info.plist;
				LD_RUNPATH_SEARCH_PATHS = "$(inherited) @executable_path/Frameworks";
				PRODUCT_BUNDLE_IDENTIFIER = com.NathanHopkins.Survey;
				PRODUCT_NAME = "$(TARGET_NAME)";
				SWIFT_VERSION = 3.0;
			};
			name = Release;
		};
/* End XCBuildConfiguration section */

/* Begin XCConfigurationList section */
		D8A048361DB925B80004E055 /* Build configuration list for PBXProject "Survey" */ = {
			isa = XCConfigurationList;
			buildConfigurations = (
				D8A0484B1DB925B80004E055 /* Debug */,
				D8A0484C1DB925B80004E055 /* Release */,
			);
			defaultConfigurationIsVisible = 0;
			defaultConfigurationName = Release;
		};
		D8A0484D1DB925B80004E055 /* Build configuration list for PBXNativeTarget "Survey" */ = {
			isa = XCConfigurationList;
			buildConfigurations = (
				D8A0484E1DB925B80004E055 /* Debug */,
				D8A0484F1DB925B80004E055 /* Release */,
			);
			defaultConfigurationIsVisible = 0;
			defaultConfigurationName = Release;
		};
/* End XCConfigurationList section */
	};
	rootObject = D8A048331DB925B80004E055 /* Project object */;
}
